{
  "name": "exe06",
  "version": "0.0.1",
  "lockfileVersion": 1,
  "requires": true,
  "dependencies": {
    "es6-promise": {
      "version": "4.2.2",
      "resolved": "https://registry.npmjs.org/es6-promise/-/es6-promise-4.2.2.tgz",
      "integrity": "sha512-LSas5vsuA6Q4nEdf9wokY5/AJYXry98i0IzXsv49rYsgDGDNDPbqAYR1Pe23iFxygfbGZNR/5VrHXBCh2BhvUQ=="
    },
    "es6-promisify": {
      "version": "5.0.0",
      "resolved": "https://registry.npmjs.org/es6-promisify/-/es6-promisify-5.0.0.tgz",
      "integrity": "sha1-UQnWLz5W6pZ8S2NQWu8IKRyKUgM=",
      "requires": {
        "es6-promise": "4.2.2"
      }
    }
  }
}
